
Microsoft Visual Studio Solution File, Format Version 12.00
# Visual Studio 15
VisualStudioVersion = 15.0.26730.10
MinimumVisualStudioVersion = 10.0.40219.1
Project("{9A19103F-16F7-4668-BE54-9A1E7A4F7556}") = "WaterLoggic", "WaterLoggic\WaterLoggic.csproj", "{092FE3AC-494D-49C6-B0FE-212F42420B7F}"
EndProject
Project("{2150E333-8FDC-42A3-9474-1A3956D46DE8}") = "Solution Items", "Solution Items", "{EA4E4FB5-7FC2-4442-9D44-CD59F9FD5660}"
	ProjectSection(SolutionItems) = preProject
		CakeShop\Migrations\20180112115908_Initial_Migration_Cake_Category_Model.cs = CakeShop\Migrations\20180112115908_Initial_Migration_Cake_Category_Model.cs
		node_modules\webpack\bin\webpack.js = node_modules\webpack\bin\webpack.js
	EndProjectSection
EndProject
Project("{FAE04EC0-301F-11D3-BF4B-00C04F79EFBC}") = "ControlsLibrary", "ControlsLibrary\ControlsLibrary.csproj", "{91DFAB1C-B655-4B99-A423-0B34D9B0B847}"
EndProject
Project("{FAE04EC0-301F-11D3-BF4B-00C04F79EFBC}") = "MainClient", "MainClient\MainClient.csproj", "{0C72404F-2BEC-4FCC-BE5F-D5B00406BC02}"
EndProject
Project("{FAE04EC0-301F-11D3-BF4B-00C04F79EFBC}") = "WindowsApp", "WindowsApp\WindowsApp.csproj", "{8A6769BB-8522-42CD-B3CA-4E4072607A07}"
EndProject
Project("{FAE04EC0-301F-11D3-BF4B-00C04F79EFBC}") = "CustomerMVVM", "..\..\..\..\Desktop\WPF.MVVM\WpfData\CustomerMVVM.csproj", "{CB2876CA-D65A-4261-B228-5B3C955FA9DE}"
EndProject
Global
	GlobalSection(SolutionConfigurationPlatforms) = preSolution
		Debug|Any CPU = Debug|Any CPU
		Release|Any CPU = Release|Any CPU
	EndGlobalSection
	GlobalSection(ProjectConfigurationPlatforms) = postSolution
		{092FE3AC-494D-49C6-B0FE-212F42420B7F}.Debug|Any CPU.ActiveCfg = Debug|Any CPU
		{092FE3AC-494D-49C6-B0FE-212F42420B7F}.Debug|Any CPU.Build.0 = Debug|Any CPU
		{092FE3AC-494D-49C6-B0FE-212F42420B7F}.Release|Any CPU.ActiveCfg = Release|Any CPU
		{092FE3AC-494D-49C6-B0FE-212F42420B7F}.Release|Any CPU.Build.0 = Release|Any CPU
		{91DFAB1C-B655-4B99-A423-0B34D9B0B847}.Debug|Any CPU.ActiveCfg = Debug|Any CPU
		{91DFAB1C-B655-4B99-A423-0B34D9B0B847}.Debug|Any CPU.Build.0 = Debug|Any CPU
		{91DFAB1C-B655-4B99-A423-0B34D9B0B847}.Release|Any CPU.ActiveCfg = Release|Any CPU
		{91DFAB1C-B655-4B99-A423-0B34D9B0B847}.Release|Any CPU.Build.0 = Release|Any CPU
		{0C72404F-2BEC-4FCC-BE5F-D5B00406BC02}.Debug|Any CPU.ActiveCfg = Debug|Any CPU
		{0C72404F-2BEC-4FCC-BE5F-D5B00406BC02}.Debug|Any CPU.Build.0 = Debug|Any CPU
		{0C72404F-2BEC-4FCC-BE5F-D5B00406BC02}.Release|Any CPU.ActiveCfg = Release|Any CPU
		{0C72404F-2BEC-4FCC-BE5F-D5B00406BC02}.Release|Any CPU.Build.0 = Release|Any CPU
		{8A6769BB-8522-42CD-B3CA-4E4072607A07}.Debug|Any CPU.ActiveCfg = Debug|Any CPU
		{8A6769BB-8522-42CD-B3CA-4E4072607A07}.Debug|Any CPU.Build.0 = Debug|Any CPU
		{8A6769BB-8522-42CD-B3CA-4E4072607A07}.Release|Any CPU.ActiveCfg = Release|Any CPU
		{8A6769BB-8522-42CD-B3CA-4E4072607A07}.Release|Any CPU.Build.0 = Release|Any CPU
		{CB2876CA-D65A-4261-B228-5B3C955FA9DE}.Debug|Any CPU.ActiveCfg = Debug|Any CPU
		{CB2876CA-D65A-4261-B228-5B3C955FA9DE}.Debug|Any CPU.Build.0 = Debug|Any CPU
		{CB2876CA-D65A-4261-B228-5B3C955FA9DE}.Release|Any CPU.ActiveCfg = Release|Any CPU
		{CB2876CA-D65A-4261-B228-5B3C955FA9DE}.Release|Any CPU.Build.0 = Release|Any CPU
	EndGlobalSection
	GlobalSection(SolutionProperties) = preSolution
		HideSolutionNode = FALSE
	EndGlobalSection
	GlobalSection(ExtensibilityGlobals) = postSolution
		SolutionGuid = {BABBCF75-3DEA-47A4-8D9D-8F634966E28F}
	EndGlobalSection
EndGlobal
